
Microsoft Visual Studio Solution File, Format Version 12.00
# Visual Studio Version 17
VisualStudioVersion = 17.6.33815.320
MinimumVisualStudioVersion = 10.0.40219.1
Project("{FAE04EC0-301F-11D3-BF4B-00C04F79EFBC}") = "SimpleSMTP", "SimpleSMTP.csproj", "{A3FCB3CB-5E4A-4676-A3CF-E3A6FC9776F4}"
EndProject
Global
	GlobalSection(SolutionConfigurationPlatforms) = preSolution
		Debug|Any CPU = Debug|Any CPU
		Release|Any CPU = Release|Any CPU
	EndGlobalSection
	GlobalSection(ProjectConfigurationPlatforms) = postSolution
		{A3FCB3CB-5E4A-4676-A3CF-E3A6FC9776F4}.Debug|Any CPU.ActiveCfg = Debug|Any CPU
		{A3FCB3CB-5E4A-4676-A3CF-E3A6FC9776F4}.Debug|Any CPU.Build.0 = Debug|Any CPU
		{A3FCB3CB-5E4A-4676-A3CF-E3A6FC9776F4}.Release|Any CPU.ActiveCfg = Release|Any CPU
		{A3FCB3CB-5E4A-4676-A3CF-E3A6FC9776F4}.Release|Any CPU.Build.0 = Release|Any CPU
	EndGlobalSection
	GlobalSection(SolutionProperties) = preSolution
		HideSolutionNode = FALSE
	EndGlobalSection
	GlobalSection(ExtensibilityGlobals) = postSolution
		SolutionGuid = {00FB842D-425B-4B07-A403-740A844D79AB}
	EndGlobalSection
EndGlobal
